
Microsoft Visual Studio Solution File, Format Version 12.00
# Visual Studio Version 16
VisualStudioVersion = 16.0.31829.152
MinimumVisualStudioVersion = 10.0.40219.1
Project("{FAE04EC0-301F-11D3-BF4B-00C04F79EFBC}") = "XamarinApp2.Android", "XamarinApp2\XamarinApp2.Android\XamarinApp2.Android.csproj", "{CC8A98DE-F279-4CB8-B544-F2AE39567723}"
EndProject
Project("{FAE04EC0-301F-11D3-BF4B-00C04F79EFBC}") = "XamarinApp2", "XamarinApp2\XamarinApp2\XamarinApp2.csproj", "{4E5C98F4-C1D7-4751-A628-B648A247BA55}"
EndProject
Global
	GlobalSection(SolutionConfigurationPlatforms) = preSolution
		Debug|Any CPU = Debug|Any CPU
		Release|Any CPU = Release|Any CPU
	EndGlobalSection
	GlobalSection(ProjectConfigurationPlatforms) = postSolution
		{CC8A98DE-F279-4CB8-B544-F2AE39567723}.Debug|Any CPU.ActiveCfg = Debug|Any CPU
		{CC8A98DE-F279-4CB8-B544-F2AE39567723}.Debug|Any CPU.Build.0 = Debug|Any CPU
		{CC8A98DE-F279-4CB8-B544-F2AE39567723}.Debug|Any CPU.Deploy.0 = Debug|Any CPU
		{CC8A98DE-F279-4CB8-B544-F2AE39567723}.Release|Any CPU.ActiveCfg = Release|Any CPU
		{CC8A98DE-F279-4CB8-B544-F2AE39567723}.Release|Any CPU.Build.0 = Release|Any CPU
		{CC8A98DE-F279-4CB8-B544-F2AE39567723}.Release|Any CPU.Deploy.0 = Release|Any CPU
		{4E5C98F4-C1D7-4751-A628-B648A247BA55}.Debug|Any CPU.ActiveCfg = Debug|Any CPU
		{4E5C98F4-C1D7-4751-A628-B648A247BA55}.Debug|Any CPU.Build.0 = Debug|Any CPU
		{4E5C98F4-C1D7-4751-A628-B648A247BA55}.Debug|Any CPU.Deploy.0 = Debug|Any CPU
		{4E5C98F4-C1D7-4751-A628-B648A247BA55}.Release|Any CPU.ActiveCfg = Release|Any CPU
		{4E5C98F4-C1D7-4751-A628-B648A247BA55}.Release|Any CPU.Build.0 = Release|Any CPU
		{4E5C98F4-C1D7-4751-A628-B648A247BA55}.Release|Any CPU.Deploy.0 = Release|Any CPU
	EndGlobalSection
	GlobalSection(SolutionProperties) = preSolution
		HideSolutionNode = FALSE
	EndGlobalSection
	GlobalSection(ExtensibilityGlobals) = postSolution
		SolutionGuid = {67D84C46-8AD6-46E3-A584-3B0FEEE316C7}
	EndGlobalSection
EndGlobal
